{
    "_readme": [
        "This file locks the dependencies of your project to a known state",
        "Read more about it at http://getcomposer.org/doc/01-basic-usage.md#composer-lock-the-lock-file"
    ],
    "hash": "d5142a8a8034874128916f85733f26de",
    "packages": [
        {
            "name": "knplabs/gaufrette",
            "version": "dev-master",
            "source": {
                "type": "git",
                "url": "https://github.com/KnpLabs/Gaufrette.git",
                "reference": "338febb0137b971152363fe184cfb6f01871e665"
            },
            "dist": {
                "type": "zip",
                "url": "https://api.github.com/repos/KnpLabs/Gaufrette/zipball/338febb0137b971152363fe184cfb6f01871e665",
                "reference": "338febb0137b971152363fe184cfb6f01871e665",
                "shasum": ""
            },
            "require": {
                "php": ">=5.3.2"
            },
            "require-dev": {
                "amazonwebservices/aws-sdk-for-php": "1.5.*",
                "aws/aws-sdk-php": "~2",
                "doctrine/dbal": ">=2.3",
                "dropbox-php/dropbox-php": "*",
                "herzult/php-ssh": "*",
                "microsoft/windowsazure": "dev-master",
                "mikey179/vfsstream": "~1.2.0",
                "phpseclib/phpseclib": "dev-master",
                "phpspec/phpspec": "2.0.*",
                "phpunit/phpunit": "3.7.*",
                "rackspace/php-cloudfiles": "*",
                "rackspace/php-opencloud": "1.9.*"
            },
            "suggest": {
                "amazonwebservices/aws-sdk-for-php": "to use the legacy Amazon S3 adapters",
                "aws/aws-sdk-php": "to use the Amazon S3 adapter",
                "doctrine/dbal": "to use the Doctrine DBAL adapter",
                "dropbox-php/dropbox-php": "to use the Dropbox adapter",
                "ext-apc": "to use the APC adapter",
                "ext-curl": "*",
                "ext-fileinfo": "This extension is used to automatically detect the content-type of a file in the AwsS3, OpenCloud, and AzureBlogStorage adapters",
                "ext-mbstring": "*",
                "ext-mongo": "*",
                "ext-zip": "to use the Zip adapter",
                "herzult/php-ssh": "to use SFtp adapter",
                "knplabs/knp-gaufrette-bundle": "to use with Symfony2",
                "microsoft/windowsazure": "to use Microsoft Azure Blob Storage adapter",
                "phpseclib/phpseclib": "to user PhpseclibSftp adapter",
                "rackspace/php-opencloud": "to use Opencloud adapter"
            },
            "type": "library",
            "extra": {
                "branch-alias": {
                    "dev-master": "0.2.x-dev"
                }
            },
            "autoload": {
                "psr-0": {
                    "Gaufrette": "src/"
                }
            },
            "notification-url": "https://packagist.org/downloads/",
            "license": [
                "MIT"
            ],
            "authors": [
                {
                    "name": "The contributors",
                    "homepage": "http://github.com/knplabs/Gaufrette/contributors"
                },
                {
                    "name": "KnpLabs Team",
                    "homepage": "http://knplabs.com"
                }
            ],
            "description": "PHP5 library that provides a filesystem abstraction layer",
            "homepage": "http://knplabs.com",
            "keywords": [
                "abstraction",
                "file",
                "filesystem",
                "media"
            ],
            "time": "2014-03-05 19:58:17"
        },
        {
            "name": "leafo/lessphp",
            "version": "v0.4.0",
            "source": {
                "type": "git",
                "url": "https://github.com/leafo/lessphp.git",
                "reference": "51f3f06f0fe78a722dabfd14578444bdd078d9de"
            },
            "dist": {
                "type": "zip",
                "url": "https://api.github.com/repos/leafo/lessphp/zipball/51f3f06f0fe78a722dabfd14578444bdd078d9de",
                "reference": "51f3f06f0fe78a722dabfd14578444bdd078d9de",
                "shasum": ""
            },
            "type": "library",
            "extra": {
                "branch-alias": {
                    "dev-master": "0.3-dev"
                }
            },
            "autoload": {
                "classmap": [
                    "lessc.inc.php"
                ]
            },
            "notification-url": "https://packagist.org/downloads/",
            "license": [
                "MIT",
                "GPL-3.0"
            ],
            "authors": [
                {
                    "name": "Leaf Corcoran",
                    "email": "leafot@gmail.com",
                    "homepage": "http://leafo.net"
                }
            ],
            "description": "lessphp is a compiler for LESS written in PHP.",
            "homepage": "http://leafo.net/lessphp/",
            "time": "2013-08-09 17:09:19"
        },
        {
            "name": "mediastuttgart/ckeditor",
            "version": "2.4.x-dev",
            "source": {
                "type": "hg",
                "url": "https://bitbucket.org/mediastuttgart/ckeditor/",
                "reference": "1fc96e562839ecd99b8921d027d6a5a684046328"
            },
            "dist": {
                "type": "zip",
                "url": "https://bitbucket.org/mediastuttgart/ckeditor/get/1fc96e562839ecd99b8921d027d6a5a684046328.zip",
                "reference": "1fc96e562839ecd99b8921d027d6a5a684046328",
                "shasum": ""
            },
            "require": {
                "php": ">=5.2.0",
                "sallycms/composer-installer": "~1.1",
                "sallycms/sallycms": ">=0.7,<0.10"
            },
            "type": "sallycms-addon",
            "extra": {
                "sallycms": {
                    "version": "2.x-dev",
                    "imex-ignore": true
                },
                "branch-alias": {
                    "dev-default": "2.x-dev"
                }
            },
            "autoload": {
                "psr-0": {
                    "sly_Form_CKEditor": "lib/"
                },
                "classmap": [
                    "lib/_M/"
                ]
            },
            "notification-url": "https://packagist.org/downloads/",
            "license": [
                "MIT"
            ],
            "authors": [
                {
                    "name": "Martin Schnabel",
                    "homepage": "http://www.webvariants.de/"
                },
                {
                    "name": "Michael Alexander Freund",
                    "homepage": "http://www.mediastuttgart.de/"
                }
            ],
            "description": "AddOn for SallyCMS, integrating the CKEditor",
            "homepage": "http://www.sallycms.de/",
            "time": "2013-07-17 17:54:13"
        },
        {
            "name": "pimple/pimple",
            "version": "v1.1.1",
            "source": {
                "type": "git",
                "url": "https://github.com/fabpot/Pimple.git",
                "reference": "2019c145fe393923f3441b23f29bbdfaa5c58c4d"
            },
            "dist": {
                "type": "zip",
                "url": "https://api.github.com/repos/fabpot/Pimple/zipball/2019c145fe393923f3441b23f29bbdfaa5c58c4d",
                "reference": "2019c145fe393923f3441b23f29bbdfaa5c58c4d",
                "shasum": ""
            },
            "require": {
                "php": ">=5.3.0"
            },
            "type": "library",
            "extra": {
                "branch-alias": {
                    "dev-master": "1.1.x-dev"
                }
            },
            "autoload": {
                "psr-0": {
                    "Pimple": "lib/"
                }
            },
            "notification-url": "https://packagist.org/downloads/",
            "license": [
                "MIT"
            ],
            "authors": [
                {
                    "name": "Fabien Potencier",
                    "email": "fabien@symfony.com",
                    "homepage": "http://fabien.potencier.org",
                    "role": "Lead Developer"
                }
            ],
            "description": "Pimple is a simple Dependency Injection Container for PHP 5.3",
            "homepage": "http://pimple.sensiolabs.org",
            "keywords": [
                "container",
                "dependency injection"
            ],
            "time": "2013-11-22 08:30:29"
        },
        {
            "name": "sallycms/assets",
            "version": "0.9.x-dev",
            "source": {
                "type": "hg",
                "url": "https://bitbucket.org/SallyCMS/sallycms-assets",
                "reference": "31124d27daca7d454d4f779cc88137a38ed06811"
            },
            "dist": {
                "type": "zip",
                "url": "https://bitbucket.org/SallyCMS/sallycms-assets/get/31124d27daca7d454d4f779cc88137a38ed06811.zip",
                "reference": "31124d27daca7d454d4f779cc88137a38ed06811",
                "shasum": ""
            },
            "require": {
                "leafo/lessphp": ">=0.3,<0.5",
                "php": ">=5.3.3",
                "sallycms/composer-installer": "~1.1",
                "sallycms/core": "0.9.x-dev"
            },
            "type": "sallycms-app",
            "extra": {
                "branch-alias": {
                    "dev-default": "0.10.x-dev"
                }
            },
            "autoload": {
                "psr-0": {
                    "sly\\Assets": "lib/"
                }
            },
            "notification-url": "https://packagist.org/downloads/",
            "license": [
                "MIT"
            ],
            "authors": [
                {
                    "name": "webvariants GbR",
                    "homepage": "http://www.webvariants.de/"
                }
            ],
            "description": "Application for SallyCMS to deliver assets",
            "homepage": "http://www.sallycms.de/",
            "keywords": [
                "SallyCMS",
                "assets"
            ],
            "time": "2014-02-10 21:43:49"
        },
        {
            "name": "sallycms/backend",
            "version": "0.9.x-dev",
            "source": {
                "type": "hg",
                "url": "https://bitbucket.org/SallyCMS/sallycms-backend",
                "reference": "b59b8bf8f19b463d45af5af1d036faf9a342af8f"
            },
            "dist": {
                "type": "zip",
                "url": "https://bitbucket.org/SallyCMS/sallycms-backend/get/b59b8bf8f19b463d45af5af1d036faf9a342af8f.zip",
                "reference": "b59b8bf8f19b463d45af5af1d036faf9a342af8f",
                "shasum": ""
            },
            "require": {
                "php": ">=5.2.1",
                "sallycms/composer-installer": "~1.1",
                "sallycms/core": "0.9.x-dev",
                "sallycms/less-mixins": ">=2.2.0,<3.0.0"
            },
            "type": "sallycms-app",
            "extra": {
                "branch-alias": {
                    "dev-default": "0.10.x-dev"
                }
            },
            "autoload": {
                "psr-0": {
                    "sly_": "lib/"
                }
            },
            "notification-url": "https://packagist.org/downloads/",
            "license": [
                "MIT"
            ],
            "authors": [
                {
                    "name": "webvariants GbR",
                    "homepage": "http://www.webvariants.de/"
                }
            ],
            "description": "The legacy backend for SallyCMS projects.",
            "homepage": "http://www.sallycms.de/",
            "keywords": [
                "SallyCMS",
                "administration",
                "backend",
                "cms",
                "ui"
            ],
            "time": "2014-03-12 15:27:06"
        },
        {
            "name": "sallycms/be-search",
            "version": "dev-default",
            "source": {
                "type": "hg",
                "url": "https://bitbucket.org/SallyCMS/be-search",
                "reference": "c86352733a88f723afe538fadec9dc91e4318ab0"
            },
            "dist": {
                "type": "zip",
                "url": "https://bitbucket.org/SallyCMS/be-search/get/c86352733a88f723afe538fadec9dc91e4318ab0.zip",
                "reference": "c86352733a88f723afe538fadec9dc91e4318ab0",
                "shasum": ""
            },
            "require": {
                "php": ">=5.3.3",
                "sallycms/composer-installer": "~1.1",
                "sallycms/sallycms": ">=0.9,<0.10"
            },
            "type": "sallycms-addon",
            "extra": {
                "sallycms": {
                    "version": "2.x-dev",
                    "imex-ignore": true
                },
                "branch-alias": {
                    "dev-default": "2.x-dev"
                }
            },
            "autoload": {
                "psr-0": {
                    "sly\\besearch\\": "lib/",
                    "sly_Controller_": "lib/"
                }
            },
            "notification-url": "https://packagist.org/downloads/",
            "license": [
                "MIT"
            ],
            "authors": [
                {
                    "name": "webvariants GbR"
                }
            ],
            "description": "AddOn for SallyCMS, providing enhancements for the backend UI in structure and mediapool views",
            "homepage": "http://www.sallycms.de/",
            "time": "2013-07-12 00:52:17"
        },
        {
            "name": "sallycms/composer-installer",
            "version": "v1.2.0",
            "source": {
                "type": "hg",
                "url": "https://bitbucket.org/SallyCMS/composer-installer/",
                "reference": "c557825c10753ad4278c0ad2c29acf5707eedc05"
            },
            "dist": {
                "type": "zip",
                "url": "https://bitbucket.org/SallyCMS/composer-installer/get/c557825c10753ad4278c0ad2c29acf5707eedc05.zip",
                "reference": "c557825c10753ad4278c0ad2c29acf5707eedc05",
                "shasum": ""
            },
            "require": {
                "composer-plugin-api": "~1.0"
            },
            "type": "composer-plugin",
            "extra": {
                "class": "sly\\Composer\\Plugin",
                "branch-alias": {
                    "dev-default": "1.x-dev"
                }
            },
            "autoload": {
                "psr-0": {
                    "sly\\Composer": "lib/"
                }
            },
            "notification-url": "https://packagist.org/downloads/",
            "license": [
                "MIT"
            ],
            "time": "2013-09-09 03:24:33"
        },
        {
            "name": "sallycms/core",
            "version": "0.9.x-dev",
            "source": {
                "type": "hg",
                "url": "https://bitbucket.org/SallyCMS/sallycms-core",
                "reference": "c4d77b774e57404f499afce6dc525b237a9dfb1f"
            },
            "dist": {
                "type": "zip",
                "url": "https://bitbucket.org/SallyCMS/sallycms-core/get/c4d77b774e57404f499afce6dc525b237a9dfb1f.zip",
                "reference": "c4d77b774e57404f499afce6dc525b237a9dfb1f",
                "shasum": ""
            },
            "require": {
                "knplabs/gaufrette": "0.2.*@dev",
                "php": ">=5.3.3",
                "pimple/pimple": "~1.0",
                "sallycms/composer-installer": "~1.1",
                "symfony/yaml": "~2.2",
                "webvariants/babelcache": "~2.0"
            },
            "require-dev": {
                "doctrine/dbal": "~2.3.2",
                "phpunit/dbunit": "1.2.*",
                "phpunit/phpunit": "3.7.*"
            },
            "type": "sallycms-app",
            "extra": {
                "branch-alias": {
                    "dev-default": "0.10.x-dev"
                }
            },
            "autoload": {
                "psr-0": {
                    "sly_": "lib/"
                },
                "files": [
                    "lib/functions.php"
                ]
            },
            "notification-url": "https://packagist.org/downloads/",
            "license": [
                "MIT"
            ],
            "authors": [
                {
                    "name": "webvariants GbR",
                    "homepage": "http://www.webvariants.de/"
                }
            ],
            "description": "Core Framework for SallyCMS",
            "homepage": "http://www.sallycms.de/",
            "keywords": [
                "SallyCMS",
                "cms",
                "framework",
                "mysql",
                "php"
            ],
            "time": "2014-03-05 22:58:51"
        },
        {
            "name": "sallycms/frontend",
            "version": "0.9.x-dev",
            "source": {
                "type": "hg",
                "url": "https://bitbucket.org/SallyCMS/sallycms-frontend",
                "reference": "2653f9970a9f9df072f420fd5a90a454fd995f73"
            },
            "dist": {
                "type": "zip",
                "url": "https://bitbucket.org/SallyCMS/sallycms-frontend/get/2653f9970a9f9df072f420fd5a90a454fd995f73.zip",
                "reference": "2653f9970a9f9df072f420fd5a90a454fd995f73",
                "shasum": ""
            },
            "require": {
                "php": ">=5.2.1",
                "sallycms/composer-installer": "~1.1",
                "sallycms/core": "0.9.x-dev"
            },
            "type": "sallycms-app",
            "extra": {
                "branch-alias": {
                    "dev-default": "0.10.x-dev"
                }
            },
            "autoload": {
                "psr-0": {
                    "sly_": "lib/"
                }
            },
            "notification-url": "https://packagist.org/downloads/",
            "license": [
                "MIT"
            ],
            "authors": [
                {
                    "name": "webvariants GbR",
                    "homepage": "http://www.webvariants.de/"
                }
            ],
            "description": "Frontend Application for SallyCMS, handling articles, assets and custom routes.",
            "homepage": "http://www.sallycms.de/",
            "keywords": [
                "SallyCMS",
                "cms",
                "frontend",
                "mysql",
                "php"
            ],
            "time": "2014-02-25 23:10:40"
        },
        {
            "name": "sallycms/image-resize",
            "version": "dev-default",
            "source": {
                "type": "hg",
                "url": "https://bitbucket.org/SallyCMS/image-resize",
                "reference": "525d470f55c1b29c2101fef429e1fe7d3ac9667c"
            },
            "dist": {
                "type": "zip",
                "url": "https://bitbucket.org/SallyCMS/image-resize/get/525d470f55c1b29c2101fef429e1fe7d3ac9667c.zip",
                "reference": "525d470f55c1b29c2101fef429e1fe7d3ac9667c",
                "shasum": ""
            },
            "require": {
                "ext-gd": "*",
                "php": ">=5.3.0",
                "sallycms/composer-installer": "~1.1",
                "sallycms/sallycms": ">=0.9,<0.10"
            },
            "type": "sallycms-addon",
            "extra": {
                "sallycms": {
                    "version": "4.x-dev",
                    "imex-ignore": true
                },
                "branch-alias": {
                    "dev-default": "4.x-dev"
                }
            },
            "autoload": {
                "psr-0": {
                    "sly\\ImageResize\\": "lib/",
                    "sly_Controller_": "lib/"
                }
            },
            "notification-url": "https://packagist.org/downloads/",
            "license": [
                "MIT"
            ],
            "authors": [
                {
                    "name": "webvariants GbR"
                }
            ],
            "description": "AddOn for SallyCMS, providing URL-based resizing and cropping for images",
            "homepage": "http://www.sallycms.de/",
            "time": "2013-08-13 06:56:15"
        },
        {
            "name": "sallycms/import-export",
            "version": "dev-default",
            "source": {
                "type": "hg",
                "url": "https://bitbucket.org/SallyCMS/import-export",
                "reference": "e157590663233a0133090c0d8efef57bb5128403"
            },
            "dist": {
                "type": "zip",
                "url": "https://bitbucket.org/SallyCMS/import-export/get/e157590663233a0133090c0d8efef57bb5128403.zip",
                "reference": "e157590663233a0133090c0d8efef57bb5128403",
                "shasum": ""
            },
            "require": {
                "php": ">=5.2.0",
                "sallycms/composer-installer": "~1.1",
                "sallycms/sallycms": ">=0.9,<0.10"
            },
            "type": "sallycms-addon",
            "extra": {
                "sallycms": {
                    "version": "4.x-dev"
                },
                "branch-alias": {
                    "dev-default": "4.x-dev"
                }
            },
            "autoload": {
                "psr-0": {
                    "sly_Controller_": "lib/",
                    "sly\\ImportExport\\": "lib/"
                }
            },
            "notification-url": "https://packagist.org/downloads/",
            "license": [
                "MIT"
            ],
            "authors": [
                {
                    "name": "webvariants GbR"
                }
            ],
            "description": "AddOn for SallyCMS, providing file and database backup and restore capabilities",
            "homepage": "http://www.sallycms.de/",
            "time": "2014-02-13 14:05:16"
        },
        {
            "name": "sallycms/less-mixins",
            "version": "v2.2.2",
            "source": {
                "type": "hg",
                "url": "https://bitbucket.org/SallyCMS/less-mixins",
                "reference": "e0fe8d242a7aa76e71a52ee765f278729db02182"
            },
            "dist": {
                "type": "zip",
                "url": "https://bitbucket.org/SallyCMS/less-mixins/get/e0fe8d242a7aa76e71a52ee765f278729db02182.zip",
                "reference": "e0fe8d242a7aa76e71a52ee765f278729db02182",
                "shasum": ""
            },
            "suggest": {
                "leafo/lessphp": "MIT licensed LESS compiler, written in PHP."
            },
            "type": "library",
            "notification-url": "https://packagist.org/downloads/",
            "license": [
                "MIT"
            ],
            "authors": [
                {
                    "name": "webvariants GbR",
                    "homepage": "http://www.webvariants.de/"
                },
                {
                    "name": "Matthew Wagerfield",
                    "homepage": "https://github.com/MatthewWagerfield"
                }
            ],
            "description": "Collection of shared LESS mixins for all apps and addOns.",
            "homepage": "http://www.sallycms.de/",
            "keywords": [
                "css",
                "less",
                "lesscss",
                "lessphp",
                "mixin"
            ],
            "time": "2012-10-16 14:56:02"
        },
        {
            "name": "sallycms/setup",
            "version": "0.9.x-dev",
            "source": {
                "type": "hg",
                "url": "https://bitbucket.org/SallyCMS/sallycms-setup",
                "reference": "a20d3e0975f335279536ce7ea1ffced5bbffd479"
            },
            "dist": {
                "type": "zip",
                "url": "https://bitbucket.org/SallyCMS/sallycms-setup/get/a20d3e0975f335279536ce7ea1ffced5bbffd479.zip",
                "reference": "a20d3e0975f335279536ce7ea1ffced5bbffd479",
                "shasum": ""
            },
            "require": {
                "php": ">=5.2.1",
                "sallycms/composer-installer": "~1.1",
                "sallycms/core": "0.9.*"
            },
            "type": "sallycms-app",
            "extra": {
                "branch-alias": {
                    "dev-default": "0.10.x-dev"
                }
            },
            "autoload": {
                "psr-0": {
                    "sly_": "lib/"
                }
            },
            "notification-url": "https://packagist.org/downloads/",
            "license": [
                "MIT"
            ],
            "authors": [
                {
                    "name": "webvariants GbR",
                    "homepage": "http://www.webvariants.de/"
                }
            ],
            "description": "The default setup application for SallyCMS projects",
            "homepage": "http://www.sallycms.de/",
            "keywords": [
                "SallyCMS",
                "administration",
                "backend",
                "cms",
                "install",
                "setup",
                "ui"
            ],
            "time": "2013-12-18 00:40:50"
        },
        {
            "name": "symfony/yaml",
            "version": "v2.4.2",
            "target-dir": "Symfony/Component/Yaml",
            "source": {
                "type": "git",
                "url": "https://github.com/symfony/Yaml.git",
                "reference": "bb6ddaf8956139d1b8c360b4b713ed0138e876b3"
            },
            "dist": {
                "type": "zip",
                "url": "https://api.github.com/repos/symfony/Yaml/zipball/bb6ddaf8956139d1b8c360b4b713ed0138e876b3",
                "reference": "bb6ddaf8956139d1b8c360b4b713ed0138e876b3",
                "shasum": ""
            },
            "require": {
                "php": ">=5.3.3"
            },
            "type": "library",
            "extra": {
                "branch-alias": {
                    "dev-master": "2.4-dev"
                }
            },
            "autoload": {
                "psr-0": {
                    "Symfony\\Component\\Yaml\\": ""
                }
            },
            "notification-url": "https://packagist.org/downloads/",
            "license": [
                "MIT"
            ],
            "authors": [
                {
                    "name": "Fabien Potencier",
                    "email": "fabien@symfony.com",
                    "homepage": "http://fabien.potencier.org",
                    "role": "Lead Developer"
                },
                {
                    "name": "Symfony Community",
                    "homepage": "http://symfony.com/contributors"
                }
            ],
            "description": "Symfony Yaml Component",
            "homepage": "http://symfony.com",
            "time": "2014-01-07 13:28:54"
        },
        {
            "name": "webvariants/babelcache",
            "version": "v2.0.7",
            "source": {
                "type": "hg",
                "url": "https://bitbucket.org/webvariants/babelcache",
                "reference": "dc0fb9a61523f53711df7ca25da60deb6b00fe9b"
            },
            "dist": {
                "type": "zip",
                "url": "https://bitbucket.org/webvariants/babelcache/get/dc0fb9a61523f53711df7ca25da60deb6b00fe9b.zip",
                "reference": "dc0fb9a61523f53711df7ca25da60deb6b00fe9b",
                "shasum": ""
            },
            "require": {
                "php": ">=5.3.0"
            },
            "require-dev": {
                "apigen/apigen": "~2.8"
            },
            "suggest": {
                "predis/predis": "install this to use the Redis adapter"
            },
            "type": "library",
            "extra": {
                "branch-alias": {
                    "dev-default": "2.x-dev"
                }
            },
            "autoload": {
                "psr-0": {
                    "wv\\BabelCache": "src/"
                }
            },
            "notification-url": "https://packagist.org/downloads/",
            "license": [
                "MIT"
            ],
            "authors": [
                {
                    "name": "Christoph Mewes",
                    "email": "christoph@webvariants.de"
                }
            ],
            "description": "Generic caching library with namespace support",
            "homepage": "http://docs.webvariants.de/babelcache/latest/",
            "keywords": [
                "apc",
                "cache",
                "caching",
                "filesystem",
                "memcache",
                "memcached",
                "mysql",
                "redis",
                "sqlite",
                "xcache",
                "zendserver"
            ],
            "time": "2014-02-21 00:53:16"
        },
        {
            "name": "webvariants/developer-utils",
            "version": "dev-default",
            "source": {
                "type": "hg",
                "url": "https://bitbucket.org/webvariants/developer-utils",
                "reference": "205a4a9ef073ce08ecfbf4f815913d5222479606"
            },
            "dist": {
                "type": "zip",
                "url": "https://bitbucket.org/webvariants/developer-utils/get/205a4a9ef073ce08ecfbf4f815913d5222479606.zip",
                "reference": "205a4a9ef073ce08ecfbf4f815913d5222479606",
                "shasum": ""
            },
            "require": {
                "php": ">=5.3.3",
                "sallycms/composer-installer": "~1.1",
                "sallycms/sallycms": ">=0.9,<0.10"
            },
            "type": "sallycms-addon",
            "extra": {
                "sallycms": {
                    "version": "6.x-dev",
                    "imex-ignore": true
                },
                "branch-alias": {
                    "dev-default": "6.x-dev"
                }
            },
            "autoload": {
                "psr-0": {
                    "WV_": "lib/",
                    "sly": "lib/",
                    "Textile": "lib/"
                }
            },
            "notification-url": "https://packagist.org/downloads/",
            "license": [
                "MIT"
            ],
            "authors": [
                {
                    "name": "webvariants GbR"
                }
            ],
            "description": "AddOn for SallyCMS, providing additional API",
            "homepage": "http://www.sallycms.de/",
            "time": "2014-02-13 00:59:10"
        },
        {
            "name": "webvariants/global-settings",
            "version": "dev-default",
            "source": {
                "type": "hg",
                "url": "https://bitbucket.org/webvariants/global-settings",
                "reference": "11a7737885634d123bfb291beededcd46eaaa2d2"
            },
            "dist": {
                "type": "zip",
                "url": "https://bitbucket.org/webvariants/global-settings/get/11a7737885634d123bfb291beededcd46eaaa2d2.zip",
                "reference": "11a7737885634d123bfb291beededcd46eaaa2d2",
                "shasum": ""
            },
            "require": {
                "php": ">=5.3.3",
                "sallycms/composer-installer": "~1.1",
                "sallycms/sallycms": ">=0.9,<0.10",
                "webvariants/developer-utils": ">=5.1,<7.0"
            },
            "type": "sallycms-addon",
            "extra": {
                "sallycms": {
                    "version": "6.x-dev"
                },
                "branch-alias": {
                    "dev-default": "6.x-dev"
                }
            },
            "autoload": {
                "psr-0": {
                    "WV8_": "lib/",
                    "sly_Controller_": "lib/"
                }
            },
            "notification-url": "https://packagist.org/downloads/",
            "license": [
                "MIT"
            ],
            "authors": [
                {
                    "name": "webvariants GbR"
                }
            ],
            "description": "AddOn for SallyCMS, providing a generic configuration backend",
            "homepage": "http://www.sallycms.de/",
            "time": "2014-02-26 14:19:17"
        },
        {
            "name": "webvariants/metainfo",
            "version": "dev-default",
            "source": {
                "type": "hg",
                "url": "https://bitbucket.org/webvariants/meta-infos",
                "reference": "8e8be8f7697b661999cf0b93bf806ebdc2bf25d6"
            },
            "dist": {
                "type": "zip",
                "url": "https://bitbucket.org/webvariants/meta-infos/get/8e8be8f7697b661999cf0b93bf806ebdc2bf25d6.zip",
                "reference": "8e8be8f7697b661999cf0b93bf806ebdc2bf25d6",
                "shasum": ""
            },
            "require": {
                "php": ">=5.3.3",
                "sallycms/composer-installer": "~1.1",
                "sallycms/sallycms": ">=0.9,<0.10",
                "webvariants/developer-utils": "~6.0"
            },
            "type": "sallycms-addon",
            "extra": {
                "sallycms": {
                    "version": "7.x-dev"
                },
                "branch-alias": {
                    "dev-default": "7.x-dev"
                }
            },
            "autoload": {
                "psr-0": {
                    "wv\\metainfo": "lib/",
                    "sly_Controller_": "lib/"
                }
            },
            "notification-url": "https://packagist.org/downloads/",
            "license": [
                "MIT"
            ],
            "authors": [
                {
                    "name": "webvariants GbR"
                }
            ],
            "description": "AddOn for SallyCMS, providing an extensible metadata system for articles, categories, media and users.",
            "homepage": "http://www.sallycms.de/",
            "time": "2013-08-30 12:46:00"
        },
        {
            "name": "webvariants/realurl2",
            "version": "dev-default",
            "source": {
                "type": "hg",
                "url": "https://bitbucket.org/webvariants/realurl2",
                "reference": "ae74a23eee11241a56d6538262291a8210a2e1fe"
            },
            "dist": {
                "type": "zip",
                "url": "https://bitbucket.org/webvariants/realurl2/get/ae74a23eee11241a56d6538262291a8210a2e1fe.zip",
                "reference": "ae74a23eee11241a56d6538262291a8210a2e1fe",
                "shasum": ""
            },
            "require": {
                "php": ">=5.3.3",
                "sallycms/composer-installer": "~1.1",
                "sallycms/sallycms": ">=0.9,<0.10",
                "webvariants/developer-utils": "~6.0",
                "webvariants/global-settings": "~6.0"
            },
            "type": "sallycms-addon",
            "extra": {
                "sallycms": {
                    "version": "5.x-dev"
                },
                "branch-alias": {
                    "dev-default": "5.x-dev"
                }
            },
            "autoload": {
                "psr-0": {
                    "wv\\realurl2": "lib/"
                }
            },
            "notification-url": "https://packagist.org/downloads/",
            "license": [
                "MIT"
            ],
            "authors": [
                {
                    "name": "webvariants GbR"
                }
            ],
            "description": "AddOn for SallyCMS, providing clean, canonical 'SEO' URLs",
            "homepage": "http://www.sallycms.de/",
            "time": "2014-02-27 00:15:36"
        },
        {
            "name": "webvariants/redirect",
            "version": "dev-default",
            "source": {
                "type": "hg",
                "url": "https://bitbucket.org/webvariants/redirect",
                "reference": "db1eb31f26579166cf425782b8cdcb234378aa11"
            },
            "dist": {
                "type": "zip",
                "url": "https://bitbucket.org/webvariants/redirect/get/db1eb31f26579166cf425782b8cdcb234378aa11.zip",
                "reference": "db1eb31f26579166cf425782b8cdcb234378aa11",
                "shasum": ""
            },
            "require": {
                "php": ">=5.3.3",
                "sallycms/composer-installer": "~1.1",
                "sallycms/sallycms": ">=0.9",
                "webvariants/metainfo": ">=6.0"
            },
            "type": "sallycms-addon",
            "extra": {
                "sallycms": {
                    "version": "1.x-dev"
                },
                "branch-alias": {
                    "dev-default": "1.x-dev"
                }
            },
            "autoload": {
                "psr-0": {
                    "sly_Form_Widget_": "lib/",
                    "WV44_": "lib/"
                }
            },
            "notification-url": "https://packagist.org/downloads/",
            "license": [
                "MIT"
            ],
            "authors": [
                {
                    "name": "Christian Zozmann"
                }
            ],
            "description": "AddOn for SallyCMS, providing article based redirects.",
            "homepage": "http://www.sallycms.de/",
            "time": "2013-08-19 12:01:30"
        }
    ],
    "packages-dev": [

    ],
    "aliases": [

    ],
    "minimum-stability": "stable",
    "stability-flags": {
        "sallycms/core": 20,
        "sallycms/assets": 20,
        "sallycms/backend": 20,
        "sallycms/frontend": 20,
        "sallycms/setup": 20,
        "knplabs/gaufrette": 20,
        "sallycms/be-search": 20,
        "sallycms/import-export": 20,
        "sallycms/image-resize": 20,
        "webvariants/developer-utils": 20,
        "webvariants/metainfo": 20,
        "webvariants/global-settings": 20,
        "webvariants/realurl2": 20,
        "webvariants/redirect": 20,
        "mediastuttgart/ckeditor": 20
    },
    "platform": {
        "php": ">=5.3.3"
    },
    "platform-dev": [

    ]
}
