{
    "_readme": [
        "This file locks the dependencies of your project to a known state",
        "Read more about it at https://getcomposer.org/doc/01-basic-usage.md#composer-lock-the-lock-file",
        "This file is @generated automatically"
    ],
    "hash": "3b22c38c26d3f65217f6b6388ba7f31f",
    "content-hash": "b2883b32a7256f468ee7fef95738ec92",
    "packages": [
        {
            "name": "knplabs/gaufrette",
            "version": "0.2.1",
            "source": {
                "type": "git",
                "url": "https://github.com/KnpLabs/Gaufrette.git",
                "reference": "1696386ca66f2f046dea7892cf1f85fd82b5b68e"
            },
            "dist": {
                "type": "zip",
                "url": "https://api.github.com/repos/KnpLabs/Gaufrette/zipball/1696386ca66f2f046dea7892cf1f85fd82b5b68e",
                "reference": "1696386ca66f2f046dea7892cf1f85fd82b5b68e",
                "shasum": ""
            },
            "require": {
                "php": ">=5.3.2"
            },
            "require-dev": {
                "amazonwebservices/aws-sdk-for-php": "1.5.*",
                "aws/aws-sdk-php": "~2",
                "doctrine/dbal": ">=2.3",
                "dropbox-php/dropbox-php": "*",
                "google/apiclient": "~1.1.3",
                "herzult/php-ssh": "*",
                "microsoft/windowsazure": "dev-master",
                "mikey179/vfsstream": "~1.2.0",
                "phpseclib/phpseclib": "^2.0",
                "phpspec/phpspec": "2.0.*",
                "phpunit/phpunit": "3.7.*",
                "rackspace/php-opencloud": "1.9.*"
            },
            "suggest": {
                "amazonwebservices/aws-sdk-for-php": "to use the legacy Amazon S3 adapters",
                "aws/aws-sdk-php": "to use the Amazon S3 adapter",
                "doctrine/dbal": "to use the Doctrine DBAL adapter",
                "dropbox-php/dropbox-php": "to use the Dropbox adapter",
                "ext-apc": "to use the APC adapter",
                "ext-curl": "*",
                "ext-fileinfo": "This extension is used to automatically detect the content-type of a file in the AwsS3, OpenCloud, AzureBlogStorage and GoogleCloudStorage adapters",
                "ext-mbstring": "*",
                "ext-mongo": "*",
                "ext-zip": "to use the Zip adapter",
                "google/apiclient": "to use GoogleCloudStorage adapter",
                "herzult/php-ssh": "to use SFtp adapter",
                "knplabs/knp-gaufrette-bundle": "to use with Symfony2",
                "microsoft/windowsazure": "to use Microsoft Azure Blob Storage adapter",
                "phpseclib/phpseclib": "to use PhpseclibSftp adapter",
                "rackspace/php-opencloud": "to use Opencloud adapter"
            },
            "type": "library",
            "extra": {
                "branch-alias": {
                    "dev-master": "0.4.x-dev"
                }
            },
            "autoload": {
                "psr-0": {
                    "Gaufrette": "src/"
                }
            },
            "notification-url": "https://packagist.org/downloads/",
            "license": [
                "MIT"
            ],
            "authors": [
                {
                    "name": "The contributors",
                    "homepage": "http://github.com/knplabs/Gaufrette/contributors"
                },
                {
                    "name": "KnpLabs Team",
                    "homepage": "http://knplabs.com"
                }
            ],
            "description": "PHP5 library that provides a filesystem abstraction layer",
            "homepage": "http://knplabs.com",
            "keywords": [
                "abstraction",
                "file",
                "filesystem",
                "media"
            ],
            "time": "2016-03-03 09:36:22"
        },
        {
            "name": "leafo/lessphp",
            "version": "v0.4.0",
            "source": {
                "type": "git",
                "url": "https://github.com/leafo/lessphp.git",
                "reference": "51f3f06f0fe78a722dabfd14578444bdd078d9de"
            },
            "dist": {
                "type": "zip",
                "url": "https://api.github.com/repos/leafo/lessphp/zipball/51f3f06f0fe78a722dabfd14578444bdd078d9de",
                "reference": "51f3f06f0fe78a722dabfd14578444bdd078d9de",
                "shasum": ""
            },
            "type": "library",
            "extra": {
                "branch-alias": {
                    "dev-master": "0.3-dev"
                }
            },
            "autoload": {
                "classmap": [
                    "lessc.inc.php"
                ]
            },
            "notification-url": "https://packagist.org/downloads/",
            "license": [
                "MIT",
                "GPL-3.0"
            ],
            "authors": [
                {
                    "name": "Leaf Corcoran",
                    "email": "leafot@gmail.com",
                    "homepage": "http://leafo.net"
                }
            ],
            "description": "lessphp is a compiler for LESS written in PHP.",
            "homepage": "http://leafo.net/lessphp/",
            "time": "2013-08-09 17:09:19"
        },
        {
            "name": "mediastuttgart/ckeditor",
            "version": "v4.1.0",
            "source": {
                "type": "hg",
                "url": "https://bitbucket.org/mediastuttgart/ckeditor/",
                "reference": "5aca0e6c1485b81b27b6ca668ea3316819b70403"
            },
            "dist": {
                "type": "zip",
                "url": "https://bitbucket.org/mediastuttgart/ckeditor/get/5aca0e6c1485b81b27b6ca668ea3316819b70403.zip",
                "reference": "5aca0e6c1485b81b27b6ca668ea3316819b70403",
                "shasum": ""
            },
            "require": {
                "php": ">=5.2.0",
                "sallycms/composer-installer": "~1.1",
                "sallycms/sallycms": ">=0.7,<0.11"
            },
            "type": "sallycms-addon",
            "extra": {
                "sallycms": {
                    "version": "4.1.0",
                    "imex-ignore": true
                },
                "branch-alias": {
                    "dev-default": "4.x-dev"
                }
            },
            "autoload": {
                "psr-0": {
                    "sly_Form_CKEditor": "lib/"
                },
                "classmap": [
                    "lib/_M/"
                ]
            },
            "notification-url": "https://packagist.org/downloads/",
            "license": [
                "MIT"
            ],
            "authors": [
                {
                    "name": "Martin Schnabel",
                    "homepage": "http://www.webvariants.de/"
                },
                {
                    "name": "Michael Alexander Freund",
                    "homepage": "http://www.mediastuttgart.de/"
                }
            ],
            "description": "AddOn for SallyCMS, integrating the CKEditor",
            "homepage": "http://www.sallycms.de/",
            "time": "2015-08-12 13:50:39"
        },
        {
            "name": "phpspec/php-diff",
            "version": "v1.0.2",
            "source": {
                "type": "git",
                "url": "https://github.com/phpspec/php-diff.git",
                "reference": "30e103d19519fe678ae64a60d77884ef3d71b28a"
            },
            "dist": {
                "type": "zip",
                "url": "https://api.github.com/repos/phpspec/php-diff/zipball/30e103d19519fe678ae64a60d77884ef3d71b28a",
                "reference": "30e103d19519fe678ae64a60d77884ef3d71b28a",
                "shasum": ""
            },
            "type": "library",
            "autoload": {
                "psr-0": {
                    "Diff": "lib/"
                }
            },
            "notification-url": "https://packagist.org/downloads/",
            "license": [
                "BSD-3-Clause"
            ],
            "authors": [
                {
                    "name": "Chris Boulton",
                    "homepage": "http://github.com/chrisboulton",
                    "role": "Original developer"
                }
            ],
            "description": "A comprehensive library for generating differences between two hashable objects (strings or arrays).",
            "time": "2013-11-01 13:02:21"
        },
        {
            "name": "pimple/pimple",
            "version": "v1.1.1",
            "source": {
                "type": "git",
                "url": "https://github.com/silexphp/Pimple.git",
                "reference": "2019c145fe393923f3441b23f29bbdfaa5c58c4d"
            },
            "dist": {
                "type": "zip",
                "url": "https://api.github.com/repos/silexphp/Pimple/zipball/2019c145fe393923f3441b23f29bbdfaa5c58c4d",
                "reference": "2019c145fe393923f3441b23f29bbdfaa5c58c4d",
                "shasum": ""
            },
            "require": {
                "php": ">=5.3.0"
            },
            "type": "library",
            "extra": {
                "branch-alias": {
                    "dev-master": "1.1.x-dev"
                }
            },
            "autoload": {
                "psr-0": {
                    "Pimple": "lib/"
                }
            },
            "notification-url": "https://packagist.org/downloads/",
            "license": [
                "MIT"
            ],
            "authors": [
                {
                    "name": "Fabien Potencier",
                    "email": "fabien@symfony.com"
                }
            ],
            "description": "Pimple is a simple Dependency Injection Container for PHP 5.3",
            "homepage": "http://pimple.sensiolabs.org",
            "keywords": [
                "container",
                "dependency injection"
            ],
            "time": "2013-11-22 08:30:29"
        },
        {
            "name": "sallycms/assets",
            "version": "v0.10.0",
            "source": {
                "type": "hg",
                "url": "https://bitbucket.org/SallyCMS/sallycms-assets",
                "reference": "b974a04f80d964d6ef1decdfcd6da72791a7c31e"
            },
            "dist": {
                "type": "zip",
                "url": "https://bitbucket.org/SallyCMS/sallycms-assets/get/b974a04f80d964d6ef1decdfcd6da72791a7c31e.zip",
                "reference": "b974a04f80d964d6ef1decdfcd6da72791a7c31e",
                "shasum": ""
            },
            "require": {
                "leafo/lessphp": ">=0.3,<0.5",
                "php": ">=5.3.3",
                "sallycms/composer-installer": "~1.1",
                "sallycms/core": "0.10.*"
            },
            "type": "sallycms-app",
            "extra": {
                "branch-alias": {
                    "dev-default": "0.11.x-dev"
                }
            },
            "autoload": {
                "psr-0": {
                    "sly\\Assets": "lib/"
                }
            },
            "notification-url": "https://packagist.org/downloads/",
            "license": [
                "MIT"
            ],
            "authors": [
                {
                    "name": "webvariants GmbH & Co. KG",
                    "homepage": "http://www.webvariants.de/"
                }
            ],
            "description": "Application for SallyCMS to deliver assets",
            "homepage": "http://www.sallycms.de/",
            "keywords": [
                "SallyCMS",
                "assets"
            ],
            "time": "2016-03-23 22:32:27"
        },
        {
            "name": "sallycms/backend",
            "version": "v0.10.0",
            "source": {
                "type": "hg",
                "url": "https://bitbucket.org/SallyCMS/sallycms-backend",
                "reference": "9e79527ebc856c299eca1987bd59700da254130a"
            },
            "dist": {
                "type": "zip",
                "url": "https://bitbucket.org/SallyCMS/sallycms-backend/get/9e79527ebc856c299eca1987bd59700da254130a.zip",
                "reference": "9e79527ebc856c299eca1987bd59700da254130a",
                "shasum": ""
            },
            "require": {
                "php": ">=5.2.1",
                "phpspec/php-diff": "~1.0",
                "sallycms/composer-installer": "~1.1",
                "sallycms/core": "0.10.*",
                "sallycms/less-mixins": ">=2.2.0,<3.0.0"
            },
            "type": "sallycms-app",
            "extra": {
                "branch-alias": {
                    "dev-default": "0.11.x-dev"
                }
            },
            "autoload": {
                "psr-0": {
                    "sly_": "lib/"
                }
            },
            "notification-url": "https://packagist.org/downloads/",
            "license": [
                "MIT"
            ],
            "authors": [
                {
                    "name": "webvariants GmbH & Co. KG",
                    "homepage": "http://www.webvariants.de/"
                }
            ],
            "description": "The default backend for SallyCMS projects.",
            "homepage": "http://www.sallycms.de/",
            "keywords": [
                "SallyCMS",
                "administration",
                "backend",
                "cms",
                "ui"
            ],
            "time": "2016-03-23 22:40:59"
        },
        {
            "name": "sallycms/be-search",
            "version": "v3.0.0",
            "source": {
                "type": "hg",
                "url": "https://bitbucket.org/SallyCMS/be-search",
                "reference": "54a4675d21cc73bfdfc4a7ef55c741b31acca915"
            },
            "dist": {
                "type": "zip",
                "url": "https://bitbucket.org/SallyCMS/be-search/get/54a4675d21cc73bfdfc4a7ef55c741b31acca915.zip",
                "reference": "54a4675d21cc73bfdfc4a7ef55c741b31acca915",
                "shasum": ""
            },
            "require": {
                "php": ">=5.3.3",
                "sallycms/composer-installer": "~1.1",
                "sallycms/sallycms": ">=0.10,<0.11"
            },
            "type": "sallycms-addon",
            "extra": {
                "sallycms": {
                    "version": "3.0.0",
                    "imex-ignore": true
                },
                "branch-alias": {
                    "dev-default": "3.x-dev"
                }
            },
            "autoload": {
                "psr-0": {
                    "sly\\besearch\\": "lib/",
                    "sly_Controller_": "lib/"
                }
            },
            "notification-url": "https://packagist.org/downloads/",
            "license": [
                "MIT"
            ],
            "authors": [
                {
                    "name": "webvariants GbR"
                }
            ],
            "description": "AddOn for SallyCMS, providing enhancements for the backend UI in structure and mediapool views",
            "homepage": "http://www.sallycms.de/",
            "time": "2016-03-29 14:40:41"
        },
        {
            "name": "sallycms/composer-installer",
            "version": "v1.2.3",
            "source": {
                "type": "hg",
                "url": "https://bitbucket.org/SallyCMS/composer-installer/",
                "reference": "aff8af9d19225f8b8650a8ee22f6fbf6afcf7675"
            },
            "dist": {
                "type": "zip",
                "url": "https://bitbucket.org/SallyCMS/composer-installer/get/aff8af9d19225f8b8650a8ee22f6fbf6afcf7675.zip",
                "reference": "aff8af9d19225f8b8650a8ee22f6fbf6afcf7675",
                "shasum": ""
            },
            "require": {
                "composer-plugin-api": "~1.0"
            },
            "type": "composer-plugin",
            "extra": {
                "class": "sly\\Composer\\Plugin",
                "branch-alias": {
                    "dev-default": "1.x-dev"
                }
            },
            "autoload": {
                "psr-0": {
                    "sly\\Composer": "lib/"
                }
            },
            "notification-url": "https://packagist.org/downloads/",
            "license": [
                "MIT"
            ],
            "time": "2015-03-26 07:15:37"
        },
        {
            "name": "sallycms/core",
            "version": "v0.10.0",
            "source": {
                "type": "hg",
                "url": "https://bitbucket.org/SallyCMS/sallycms-core",
                "reference": "596d091bd242e559428b0b9492e804f82df65b65"
            },
            "dist": {
                "type": "zip",
                "url": "https://bitbucket.org/SallyCMS/sallycms-core/get/596d091bd242e559428b0b9492e804f82df65b65.zip",
                "reference": "596d091bd242e559428b0b9492e804f82df65b65",
                "shasum": ""
            },
            "require": {
                "knplabs/gaufrette": "0.2.*@dev",
                "php": ">=5.3.3",
                "pimple/pimple": "~1.0",
                "sallycms/composer-installer": "~1.1",
                "symfony/yaml": "~2.2",
                "webvariants/babelcache": "~2.0"
            },
            "require-dev": {
                "doctrine/dbal": "~2.3.2",
                "phpunit/dbunit": "1.2.*",
                "phpunit/php-code-coverage": "1.2.*",
                "phpunit/phpunit": "3.7.*"
            },
            "type": "sallycms-app",
            "extra": {
                "branch-alias": {
                    "dev-default": "0.11.x-dev"
                }
            },
            "autoload": {
                "psr-0": {
                    "sly_": "lib/"
                },
                "files": [
                    "lib/functions.php"
                ]
            },
            "notification-url": "https://packagist.org/downloads/",
            "license": [
                "MIT"
            ],
            "authors": [
                {
                    "name": "webvariants GmbH & Co. KG",
                    "homepage": "http://www.webvariants.de/"
                }
            ],
            "description": "Core Framework for SallyCMS",
            "homepage": "http://www.sallycms.de/",
            "keywords": [
                "SallyCMS",
                "cms",
                "framework",
                "mysql",
                "php"
            ],
            "time": "2016-03-23 23:15:33"
        },
        {
            "name": "sallycms/frontend",
            "version": "v0.10.0",
            "source": {
                "type": "hg",
                "url": "https://bitbucket.org/SallyCMS/sallycms-frontend",
                "reference": "80386a9e7376a44f6ac41f7d8c0341d050ac90bc"
            },
            "dist": {
                "type": "zip",
                "url": "https://bitbucket.org/SallyCMS/sallycms-frontend/get/80386a9e7376a44f6ac41f7d8c0341d050ac90bc.zip",
                "reference": "80386a9e7376a44f6ac41f7d8c0341d050ac90bc",
                "shasum": ""
            },
            "require": {
                "php": ">=5.2.1",
                "sallycms/composer-installer": "~1.1",
                "sallycms/core": "0.10.*"
            },
            "type": "sallycms-app",
            "extra": {
                "branch-alias": {
                    "dev-default": "0.11.x-dev"
                }
            },
            "autoload": {
                "psr-0": {
                    "sly_": "lib/"
                }
            },
            "notification-url": "https://packagist.org/downloads/",
            "license": [
                "MIT"
            ],
            "authors": [
                {
                    "name": "webvariants GmbH & Co. KG",
                    "homepage": "http://www.webvariants.de/"
                }
            ],
            "description": "Frontend Application for SallyCMS, handling articles, assets and custom routes.",
            "homepage": "http://www.sallycms.de/",
            "keywords": [
                "SallyCMS",
                "cms",
                "frontend",
                "mysql",
                "php"
            ],
            "time": "2016-03-23 22:46:17"
        },
        {
            "name": "sallycms/image-resize",
            "version": "4.1.0",
            "source": {
                "type": "hg",
                "url": "https://bitbucket.org/SallyCMS/image-resize",
                "reference": "224caabeec806c03e7f324dcd4e7f95418981e39"
            },
            "dist": {
                "type": "zip",
                "url": "https://bitbucket.org/SallyCMS/image-resize/get/224caabeec806c03e7f324dcd4e7f95418981e39.zip",
                "reference": "224caabeec806c03e7f324dcd4e7f95418981e39",
                "shasum": ""
            },
            "require": {
                "ext-gd": "*",
                "php": ">=5.3.0",
                "sallycms/composer-installer": "~1.1",
                "sallycms/sallycms": ">=0.9,<0.11"
            },
            "type": "sallycms-addon",
            "extra": {
                "sallycms": {
                    "version": "4.1.x-dev",
                    "imex-ignore": true
                },
                "branch-alias": {
                    "dev-default": "4.1.x-dev"
                }
            },
            "autoload": {
                "psr-0": {
                    "sly\\ImageResize\\": "lib/",
                    "sly_Controller_": "lib/",
                    "JPEG_": "vendor/"
                }
            },
            "notification-url": "https://packagist.org/downloads/",
            "license": [
                "MIT"
            ],
            "authors": [
                {
                    "name": "webvariants GbR"
                }
            ],
            "description": "AddOn for SallyCMS, providing URL-based resizing and cropping for images",
            "homepage": "http://www.sallycms.de/",
            "time": "2016-03-28 16:13:27"
        },
        {
            "name": "sallycms/import-export",
            "version": "v4.0.0",
            "source": {
                "type": "hg",
                "url": "https://bitbucket.org/SallyCMS/import-export",
                "reference": "cfb9602d88a98f08a9803e59ea0d5228d709f6de"
            },
            "dist": {
                "type": "zip",
                "url": "https://bitbucket.org/SallyCMS/import-export/get/cfb9602d88a98f08a9803e59ea0d5228d709f6de.zip",
                "reference": "cfb9602d88a98f08a9803e59ea0d5228d709f6de",
                "shasum": ""
            },
            "require": {
                "php": ">=5.2.0",
                "sallycms/composer-installer": "~1.1",
                "sallycms/sallycms": ">=0.9,<0.11"
            },
            "type": "sallycms-addon",
            "extra": {
                "sallycms": {
                    "version": "4.0.0"
                },
                "branch-alias": {
                    "dev-default": "4.x-dev"
                }
            },
            "autoload": {
                "psr-0": {
                    "sly_Controller_": "lib/",
                    "sly\\ImportExport\\": "lib/",
                    "": "lib/vendor/"
                }
            },
            "notification-url": "https://packagist.org/downloads/",
            "license": [
                "MIT"
            ],
            "authors": [
                {
                    "name": "webvariants GbR"
                }
            ],
            "description": "AddOn for SallyCMS, providing file and database backup and restore capabilities",
            "homepage": "http://www.sallycms.de/",
            "time": "2015-10-28 16:16:56"
        },
        {
            "name": "sallycms/less-mixins",
            "version": "v2.2.2",
            "source": {
                "type": "hg",
                "url": "https://bitbucket.org/SallyCMS/less-mixins",
                "reference": "e0fe8d242a7aa76e71a52ee765f278729db02182"
            },
            "dist": {
                "type": "zip",
                "url": "https://bitbucket.org/SallyCMS/less-mixins/get/e0fe8d242a7aa76e71a52ee765f278729db02182.zip",
                "reference": "e0fe8d242a7aa76e71a52ee765f278729db02182",
                "shasum": ""
            },
            "suggest": {
                "leafo/lessphp": "MIT licensed LESS compiler, written in PHP."
            },
            "type": "library",
            "notification-url": "https://packagist.org/downloads/",
            "license": [
                "MIT"
            ],
            "authors": [
                {
                    "name": "webvariants GbR",
                    "homepage": "http://www.webvariants.de/"
                },
                {
                    "name": "Matthew Wagerfield",
                    "homepage": "https://github.com/MatthewWagerfield"
                }
            ],
            "description": "Collection of shared LESS mixins for all apps and addOns.",
            "homepage": "http://www.sallycms.de/",
            "keywords": [
                "css",
                "less",
                "lesscss",
                "lessphp",
                "mixin"
            ],
            "time": "2012-10-16 14:56:02"
        },
        {
            "name": "sallycms/setup",
            "version": "v0.10.0",
            "source": {
                "type": "hg",
                "url": "https://bitbucket.org/SallyCMS/sallycms-setup",
                "reference": "26db6e107945bc69db73e6c35d88b50de06c2fde"
            },
            "dist": {
                "type": "zip",
                "url": "https://bitbucket.org/SallyCMS/sallycms-setup/get/26db6e107945bc69db73e6c35d88b50de06c2fde.zip",
                "reference": "26db6e107945bc69db73e6c35d88b50de06c2fde",
                "shasum": ""
            },
            "require": {
                "php": ">=5.2.1",
                "sallycms/composer-installer": "~1.1",
                "sallycms/core": "0.10.*"
            },
            "type": "sallycms-app",
            "extra": {
                "branch-alias": {
                    "dev-default": "0.11.x-dev"
                }
            },
            "autoload": {
                "psr-0": {
                    "sly_": "lib/"
                }
            },
            "notification-url": "https://packagist.org/downloads/",
            "license": [
                "MIT"
            ],
            "authors": [
                {
                    "name": "webvariants GmbH & Co. KG",
                    "homepage": "http://www.webvariants.de/"
                }
            ],
            "description": "The default setup application for SallyCMS projects",
            "homepage": "http://www.sallycms.de/",
            "keywords": [
                "SallyCMS",
                "administration",
                "backend",
                "cms",
                "install",
                "setup",
                "ui"
            ],
            "time": "2016-03-23 22:47:57"
        },
        {
            "name": "symfony/yaml",
            "version": "v2.8.4",
            "source": {
                "type": "git",
                "url": "https://github.com/symfony/yaml.git",
                "reference": "584e52cb8f788a887553ba82db6caacb1d6260bb"
            },
            "dist": {
                "type": "zip",
                "url": "https://api.github.com/repos/symfony/yaml/zipball/584e52cb8f788a887553ba82db6caacb1d6260bb",
                "reference": "584e52cb8f788a887553ba82db6caacb1d6260bb",
                "shasum": ""
            },
            "require": {
                "php": ">=5.3.9"
            },
            "type": "library",
            "extra": {
                "branch-alias": {
                    "dev-master": "2.8-dev"
                }
            },
            "autoload": {
                "psr-4": {
                    "Symfony\\Component\\Yaml\\": ""
                },
                "exclude-from-classmap": [
                    "/Tests/"
                ]
            },
            "notification-url": "https://packagist.org/downloads/",
            "license": [
                "MIT"
            ],
            "authors": [
                {
                    "name": "Fabien Potencier",
                    "email": "fabien@symfony.com"
                },
                {
                    "name": "Symfony Community",
                    "homepage": "https://symfony.com/contributors"
                }
            ],
            "description": "Symfony Yaml Component",
            "homepage": "https://symfony.com",
            "time": "2016-03-04 07:54:35"
        },
        {
            "name": "webvariants/babelcache",
            "version": "v2.0.7",
            "source": {
                "type": "hg",
                "url": "https://bitbucket.org/webvariants/babelcache",
                "reference": "dc0fb9a61523f53711df7ca25da60deb6b00fe9b"
            },
            "dist": {
                "type": "zip",
                "url": "https://bitbucket.org/webvariants/babelcache/get/dc0fb9a61523f53711df7ca25da60deb6b00fe9b.zip",
                "reference": "dc0fb9a61523f53711df7ca25da60deb6b00fe9b",
                "shasum": ""
            },
            "require": {
                "php": ">=5.3.0"
            },
            "require-dev": {
                "apigen/apigen": "~2.8"
            },
            "suggest": {
                "predis/predis": "install this to use the Redis adapter"
            },
            "type": "library",
            "extra": {
                "branch-alias": {
                    "dev-default": "2.x-dev"
                }
            },
            "autoload": {
                "psr-0": {
                    "wv\\BabelCache": "src/"
                }
            },
            "notification-url": "https://packagist.org/downloads/",
            "license": [
                "MIT"
            ],
            "authors": [
                {
                    "name": "Christoph Mewes",
                    "email": "christoph@webvariants.de"
                }
            ],
            "description": "Generic caching library with namespace support",
            "homepage": "http://docs.webvariants.de/babelcache/latest/",
            "keywords": [
                "apc",
                "cache",
                "caching",
                "filesystem",
                "memcache",
                "memcached",
                "mysql",
                "redis",
                "sqlite",
                "xcache",
                "zendserver"
            ],
            "time": "2014-02-21 00:53:16"
        },
        {
            "name": "webvariants/developer-utils",
            "version": "v6.1.0",
            "source": {
                "type": "hg",
                "url": "https://bitbucket.org/webvariants/developer-utils",
                "reference": "0ff799fec4928dcf50f2f09eb2612be5c85d8ee4"
            },
            "dist": {
                "type": "zip",
                "url": "https://bitbucket.org/webvariants/developer-utils/get/0ff799fec4928dcf50f2f09eb2612be5c85d8ee4.zip",
                "reference": "0ff799fec4928dcf50f2f09eb2612be5c85d8ee4",
                "shasum": ""
            },
            "require": {
                "php": ">=5.3.3",
                "sallycms/composer-installer": "~1.1",
                "sallycms/sallycms": ">=0.10,<0.11"
            },
            "type": "sallycms-addon",
            "extra": {
                "sallycms": {
                    "version": "6.1.0",
                    "imex-ignore": true
                },
                "branch-alias": {
                    "dev-default": "6.x-dev"
                }
            },
            "autoload": {
                "psr-0": {
                    "WV_": "lib/",
                    "sly": "lib/",
                    "Textile": "lib/"
                }
            },
            "notification-url": "https://packagist.org/downloads/",
            "license": [
                "MIT"
            ],
            "authors": [
                {
                    "name": "webvariants GbR"
                }
            ],
            "description": "AddOn for SallyCMS, providing additional API",
            "homepage": "http://www.sallycms.de/",
            "time": "2016-03-29 15:59:18"
        },
        {
            "name": "webvariants/global-settings",
            "version": "v6.1.0",
            "source": {
                "type": "hg",
                "url": "https://bitbucket.org/webvariants/global-settings",
                "reference": "16a81fc4f9febdb1cc202fc0946f4ea4e62830c9"
            },
            "dist": {
                "type": "zip",
                "url": "https://bitbucket.org/webvariants/global-settings/get/16a81fc4f9febdb1cc202fc0946f4ea4e62830c9.zip",
                "reference": "16a81fc4f9febdb1cc202fc0946f4ea4e62830c9",
                "shasum": ""
            },
            "require": {
                "php": ">=5.3.3",
                "sallycms/composer-installer": "~1.1",
                "sallycms/sallycms": ">=0.9,<0.11",
                "webvariants/developer-utils": ">=5.1,<7.0"
            },
            "type": "sallycms-addon",
            "extra": {
                "sallycms": {
                    "version": "6.1.0"
                },
                "branch-alias": {
                    "dev-default": "6.x-dev"
                }
            },
            "autoload": {
                "psr-0": {
                    "WV8_": "lib/",
                    "sly_Controller_": "lib/"
                }
            },
            "notification-url": "https://packagist.org/downloads/",
            "license": [
                "MIT"
            ],
            "authors": [
                {
                    "name": "webvariants GbR"
                }
            ],
            "description": "AddOn for SallyCMS, providing a generic configuration backend",
            "homepage": "http://www.sallycms.de/",
            "time": "2016-03-29 16:09:49"
        },
        {
            "name": "webvariants/metainfo",
            "version": "v6.1.1",
            "source": {
                "type": "hg",
                "url": "https://bitbucket.org/webvariants/meta-infos",
                "reference": "1b8443238d5e834ddcdb466fd0b286e55c8e8bfb"
            },
            "dist": {
                "type": "zip",
                "url": "https://bitbucket.org/webvariants/meta-infos/get/1b8443238d5e834ddcdb466fd0b286e55c8e8bfb.zip",
                "reference": "1b8443238d5e834ddcdb466fd0b286e55c8e8bfb",
                "shasum": ""
            },
            "require": {
                "php": ">=5.3.3",
                "sallycms/composer-installer": "~1.1",
                "sallycms/sallycms": ">=0.9,<0.11",
                "webvariants/developer-utils": "6.*"
            },
            "type": "sallycms-addon",
            "extra": {
                "sallycms": {
                    "version": "6.1.1"
                },
                "branch-alias": {
                    "dev-default": "6.x-dev"
                }
            },
            "autoload": {
                "psr-0": {
                    "wv\\metainfo": "lib/",
                    "sly_Controller_": "lib/"
                }
            },
            "notification-url": "https://packagist.org/downloads/",
            "license": [
                "MIT"
            ],
            "authors": [
                {
                    "name": "webvariants GbR"
                }
            ],
            "description": "AddOn for SallyCMS, providing an extensible metadata system for articles, categories, media and users.",
            "homepage": "http://www.sallycms.de/",
            "time": "2016-03-29 16:05:36"
        },
        {
            "name": "webvariants/pac",
            "version": "v1.0.3",
            "source": {
                "type": "hg",
                "url": "https://bitbucket.org/webvariants/pac",
                "reference": "ed37873d8b19bdc2bcd69f8e663db2c0edaa269c"
            },
            "dist": {
                "type": "zip",
                "url": "https://bitbucket.org/webvariants/pac/get/ed37873d8b19bdc2bcd69f8e663db2c0edaa269c.zip",
                "reference": "ed37873d8b19bdc2bcd69f8e663db2c0edaa269c",
                "shasum": ""
            },
            "require": {
                "php": ">=5.2.1"
            },
            "type": "library",
            "extra": {
                "branch-alias": {
                    "dev-default": "1.x-dev"
                }
            },
            "autoload": {
                "psr-0": {
                    "pac_": "src/"
                }
            },
            "notification-url": "https://packagist.org/downloads/",
            "license": [
                "MIT"
            ],
            "authors": [
                {
                    "name": "Christian Zozmann"
                }
            ],
            "description": "a simple role-based access control implementation",
            "homepage": "http://www.sallycms.de/",
            "keywords": [
                "rbac"
            ],
            "time": "2014-03-16 21:54:45"
        },
        {
            "name": "webvariants/rbac",
            "version": "v0.8.0",
            "source": {
                "type": "hg",
                "url": "https://bitbucket.org/webvariants/rbac",
                "reference": "aa762eedea50b84e8a64bb691938bf28443e29ba"
            },
            "dist": {
                "type": "zip",
                "url": "https://bitbucket.org/webvariants/rbac/get/aa762eedea50b84e8a64bb691938bf28443e29ba.zip",
                "reference": "aa762eedea50b84e8a64bb691938bf28443e29ba",
                "shasum": ""
            },
            "require": {
                "php": ">=5.3.3",
                "sallycms/composer-installer": "~1.1",
                "sallycms/sallycms": ">=0.9,<0.11",
                "webvariants/pac": ">=1.0.2,<2.0"
            },
            "type": "sallycms-addon",
            "extra": {
                "sallycms": {
                    "version": "0.8.0"
                },
                "branch-alias": {
                    "dev-default": "0.x-dev"
                }
            },
            "autoload": {
                "psr-0": {
                    "WV24_": "lib/",
                    "sly_Controller_": "lib/"
                }
            },
            "notification-url": "https://packagist.org/downloads/",
            "license": [
                "MIT"
            ],
            "authors": [
                {
                    "name": "Christian Zozmann"
                }
            ],
            "description": "AddOn for SallyCMS, providing a role-based permission management.",
            "homepage": "http://www.sallycms.de/",
            "time": "2016-03-29 14:47:46"
        },
        {
            "name": "webvariants/rbac-treeview",
            "version": "v0.6.0",
            "source": {
                "type": "hg",
                "url": "https://bitbucket.org/webvariants/rbac-treeview",
                "reference": "59c5330c4b4ba7875af9b3bf4b4c002071d49503"
            },
            "dist": {
                "type": "zip",
                "url": "https://bitbucket.org/webvariants/rbac-treeview/get/59c5330c4b4ba7875af9b3bf4b4c002071d49503.zip",
                "reference": "59c5330c4b4ba7875af9b3bf4b4c002071d49503",
                "shasum": ""
            },
            "require": {
                "sallycms/composer-installer": "~1.1",
                "sallycms/sallycms": ">=0.9,<0.11",
                "webvariants/rbac": "~0.4"
            },
            "type": "sallycms-addon",
            "extra": {
                "sallycms": {
                    "parent": "webvariants/rbac",
                    "version": "0.6.0"
                },
                "branch-alias": {
                    "dev-default": "0.x-dev"
                }
            },
            "autoload": {
                "psr-0": {
                    "WV42_": "lib/"
                }
            },
            "notification-url": "https://packagist.org/downloads/",
            "license": [
                "MIT"
            ],
            "authors": [
                {
                    "name": "webvariants GbR"
                }
            ],
            "description": "provides a much better UI for managing permissions",
            "homepage": "http://www.sallycms.de/",
            "time": "2016-03-29 15:55:54"
        },
        {
            "name": "webvariants/realurl2",
            "version": "v6.0.4",
            "source": {
                "type": "hg",
                "url": "https://bitbucket.org/webvariants/realurl2",
                "reference": "932cfda3024086d4b7865b79de061dc755273d6d"
            },
            "dist": {
                "type": "zip",
                "url": "https://bitbucket.org/webvariants/realurl2/get/932cfda3024086d4b7865b79de061dc755273d6d.zip",
                "reference": "932cfda3024086d4b7865b79de061dc755273d6d",
                "shasum": ""
            },
            "require": {
                "php": ">=5.3.3",
                "sallycms/sallycms": ">=0.10,<0.11",
                "webvariants/developer-utils": "~6.0",
                "webvariants/global-settings": "~6.0"
            },
            "type": "sallycms-addon",
            "extra": {
                "sallycms": {
                    "version": "6.x-dev"
                },
                "branch-alias": {
                    "dev-default": "6.x-dev"
                }
            },
            "autoload": {
                "psr-0": {
                    "wv\\realurl2": "lib/"
                }
            },
            "notification-url": "https://packagist.org/downloads/",
            "license": [
                "MIT"
            ],
            "authors": [
                {
                    "name": "webvariants GbR"
                }
            ],
            "description": "AddOn for SallyCMS, providing clean, canonical 'SEO' URLs",
            "homepage": "http://www.sallycms.de/",
            "time": "2016-03-16 10:01:35"
        }
    ],
    "packages-dev": [],
    "aliases": [],
    "minimum-stability": "stable",
    "stability-flags": [],
    "prefer-stable": false,
    "prefer-lowest": false,
    "platform": {
        "php": ">=5.3.3"
    },
    "platform-dev": []
}
